
Microsoft Visual Studio Solution File, Format Version 12.00
# Visual Studio Version 16
VisualStudioVersion = 16.0.32413.119
MinimumVisualStudioVersion = 10.0.40219.1
Project("{2150E333-8FDC-42A3-9474-1A3956D46DE8}") = "src", "src", "{A693A320-A285-46C6-B2EA-8A07B29A19F7}"
EndProject
Project("{2150E333-8FDC-42A3-9474-1A3956D46DE8}") = "Building Blocks", "Building Blocks", "{64C55AF2-A504-4977-9659-281BFA4E5DF8}"
EndProject
Project("{2150E333-8FDC-42A3-9474-1A3956D46DE8}") = "Services", "Services", "{4323309F-0243-452F-926C-CB3E6A725508}"
EndProject
Project("{2150E333-8FDC-42A3-9474-1A3956D46DE8}") = "Identidade", "Identidade", "{818BAB7E-BE82-4B85-ACD8-D38914E0D970}"
EndProject
Project("{2150E333-8FDC-42A3-9474-1A3956D46DE8}") = "Web", "Web", "{BCD2AFD4-C596-4DB5-A53C-BC3279F61AA5}"
EndProject
Project("{9A19103F-16F7-4668-BE54-9A1E7A4F7556}") = "DBlue.Identidade.Api", "src\services\DBlue.Identidade.Api\DBlue.Identidade.Api.csproj", "{E6E0C732-C827-42CF-AEDE-3C410955BC86}"
EndProject
Project("{9A19103F-16F7-4668-BE54-9A1E7A4F7556}") = "DBlue.WebApp.MVC", "src\web\DBlue.WebApp.MVC\DBlue.WebApp.MVC.csproj", "{756B8140-4EF6-458B-A756-11FF23AC6C90}"
EndProject
Project("{2150E333-8FDC-42A3-9474-1A3956D46DE8}") = "Core", "Core", "{FF30AE30-2065-48CB-A77F-AF1FE4A2766F}"
EndProject
Project("{2150E333-8FDC-42A3-9474-1A3956D46DE8}") = "Carrinho", "Carrinho", "{5A636704-1C70-4F64-AE8D-1A5969CC7572}"
EndProject
Project("{9A19103F-16F7-4668-BE54-9A1E7A4F7556}") = "DBlue.Carrinho.API", "src\services\DBlue.Carrinho.API\DBlue.Carrinho.API.csproj", "{4E54A194-CD4C-426A-9277-8F8818076B10}"
EndProject
Project("{2150E333-8FDC-42A3-9474-1A3956D46DE8}") = "Catalogo", "Catalogo", "{142A5E76-064D-4ADD-897E-4020CCB0DC94}"
EndProject
Project("{9A19103F-16F7-4668-BE54-9A1E7A4F7556}") = "DBlue.Catalogo.API", "src\services\DBlue.Catalogo.API\DBlue.Catalogo.API.csproj", "{939242EA-5179-4E23-9205-FF5F16FC8C33}"
EndProject
Project("{2150E333-8FDC-42A3-9474-1A3956D46DE8}") = "Cliente", "Cliente", "{91579DA6-AF0E-4280-ABFB-D776EADF9CAB}"
EndProject
Project("{9A19103F-16F7-4668-BE54-9A1E7A4F7556}") = "DBlue.Cliente.API", "src\services\DBlue.Cliente.API\DBlue.Cliente.API.csproj", "{D925CC22-234D-4977-B414-B2E221B6F1A0}"
EndProject
Project("{2150E333-8FDC-42A3-9474-1A3956D46DE8}") = "Pagamento", "Pagamento", "{0F3F7DB0-D7CD-4AF6-82B9-94E251314439}"
EndProject
Project("{9A19103F-16F7-4668-BE54-9A1E7A4F7556}") = "DBlue.Pagamento.API", "src\services\DBlue.Pagamento.API\DBlue.Pagamento.API.csproj", "{FEDF5473-7A34-4B5F-967E-4DD0A7D43FD6}"
EndProject
Project("{2150E333-8FDC-42A3-9474-1A3956D46DE8}") = "Pedido", "Pedido", "{9F1C1979-00B3-43A5-931B-B9C6BB7C673D}"
EndProject
Project("{9A19103F-16F7-4668-BE54-9A1E7A4F7556}") = "DBlue.Pedido.API", "src\services\DBlue.Pedido.API\DBlue.Pedido.API.csproj", "{8E974B06-303D-4191-B7A0-07FB19C162C3}"
EndProject
Project("{9A19103F-16F7-4668-BE54-9A1E7A4F7556}") = "DBlue.Core", "src\building blocks\DBlue.Core\DBlue.Core.csproj", "{87F40FF5-C63A-47C9-AB94-EE61471AEFFE}"
EndProject
Global
	GlobalSection(SolutionConfigurationPlatforms) = preSolution
		Debug|Any CPU = Debug|Any CPU
		Release|Any CPU = Release|Any CPU
	EndGlobalSection
	GlobalSection(ProjectConfigurationPlatforms) = postSolution
		{E6E0C732-C827-42CF-AEDE-3C410955BC86}.Debug|Any CPU.ActiveCfg = Debug|Any CPU
		{E6E0C732-C827-42CF-AEDE-3C410955BC86}.Debug|Any CPU.Build.0 = Debug|Any CPU
		{E6E0C732-C827-42CF-AEDE-3C410955BC86}.Release|Any CPU.ActiveCfg = Release|Any CPU
		{E6E0C732-C827-42CF-AEDE-3C410955BC86}.Release|Any CPU.Build.0 = Release|Any CPU
		{756B8140-4EF6-458B-A756-11FF23AC6C90}.Debug|Any CPU.ActiveCfg = Debug|Any CPU
		{756B8140-4EF6-458B-A756-11FF23AC6C90}.Debug|Any CPU.Build.0 = Debug|Any CPU
		{756B8140-4EF6-458B-A756-11FF23AC6C90}.Release|Any CPU.ActiveCfg = Release|Any CPU
		{756B8140-4EF6-458B-A756-11FF23AC6C90}.Release|Any CPU.Build.0 = Release|Any CPU
		{4E54A194-CD4C-426A-9277-8F8818076B10}.Debug|Any CPU.ActiveCfg = Debug|Any CPU
		{4E54A194-CD4C-426A-9277-8F8818076B10}.Debug|Any CPU.Build.0 = Debug|Any CPU
		{4E54A194-CD4C-426A-9277-8F8818076B10}.Release|Any CPU.ActiveCfg = Release|Any CPU
		{4E54A194-CD4C-426A-9277-8F8818076B10}.Release|Any CPU.Build.0 = Release|Any CPU
		{939242EA-5179-4E23-9205-FF5F16FC8C33}.Debug|Any CPU.ActiveCfg = Debug|Any CPU
		{939242EA-5179-4E23-9205-FF5F16FC8C33}.Debug|Any CPU.Build.0 = Debug|Any CPU
		{939242EA-5179-4E23-9205-FF5F16FC8C33}.Release|Any CPU.ActiveCfg = Release|Any CPU
		{939242EA-5179-4E23-9205-FF5F16FC8C33}.Release|Any CPU.Build.0 = Release|Any CPU
		{D925CC22-234D-4977-B414-B2E221B6F1A0}.Debug|Any CPU.ActiveCfg = Debug|Any CPU
		{D925CC22-234D-4977-B414-B2E221B6F1A0}.Debug|Any CPU.Build.0 = Debug|Any CPU
		{D925CC22-234D-4977-B414-B2E221B6F1A0}.Release|Any CPU.ActiveCfg = Release|Any CPU
		{D925CC22-234D-4977-B414-B2E221B6F1A0}.Release|Any CPU.Build.0 = Release|Any CPU
		{FEDF5473-7A34-4B5F-967E-4DD0A7D43FD6}.Debug|Any CPU.ActiveCfg = Debug|Any CPU
		{FEDF5473-7A34-4B5F-967E-4DD0A7D43FD6}.Debug|Any CPU.Build.0 = Debug|Any CPU
		{FEDF5473-7A34-4B5F-967E-4DD0A7D43FD6}.Release|Any CPU.ActiveCfg = Release|Any CPU
		{FEDF5473-7A34-4B5F-967E-4DD0A7D43FD6}.Release|Any CPU.Build.0 = Release|Any CPU
		{8E974B06-303D-4191-B7A0-07FB19C162C3}.Debug|Any CPU.ActiveCfg = Debug|Any CPU
		{8E974B06-303D-4191-B7A0-07FB19C162C3}.Debug|Any CPU.Build.0 = Debug|Any CPU
		{8E974B06-303D-4191-B7A0-07FB19C162C3}.Release|Any CPU.ActiveCfg = Release|Any CPU
		{8E974B06-303D-4191-B7A0-07FB19C162C3}.Release|Any CPU.Build.0 = Release|Any CPU
		{87F40FF5-C63A-47C9-AB94-EE61471AEFFE}.Debug|Any CPU.ActiveCfg = Debug|Any CPU
		{87F40FF5-C63A-47C9-AB94-EE61471AEFFE}.Debug|Any CPU.Build.0 = Debug|Any CPU
		{87F40FF5-C63A-47C9-AB94-EE61471AEFFE}.Release|Any CPU.ActiveCfg = Release|Any CPU
		{87F40FF5-C63A-47C9-AB94-EE61471AEFFE}.Release|Any CPU.Build.0 = Release|Any CPU
	EndGlobalSection
	GlobalSection(SolutionProperties) = preSolution
		HideSolutionNode = FALSE
	EndGlobalSection
	GlobalSection(NestedProjects) = preSolution
		{64C55AF2-A504-4977-9659-281BFA4E5DF8} = {A693A320-A285-46C6-B2EA-8A07B29A19F7}
		{4323309F-0243-452F-926C-CB3E6A725508} = {A693A320-A285-46C6-B2EA-8A07B29A19F7}
		{818BAB7E-BE82-4B85-ACD8-D38914E0D970} = {4323309F-0243-452F-926C-CB3E6A725508}
		{BCD2AFD4-C596-4DB5-A53C-BC3279F61AA5} = {A693A320-A285-46C6-B2EA-8A07B29A19F7}
		{E6E0C732-C827-42CF-AEDE-3C410955BC86} = {818BAB7E-BE82-4B85-ACD8-D38914E0D970}
		{756B8140-4EF6-458B-A756-11FF23AC6C90} = {BCD2AFD4-C596-4DB5-A53C-BC3279F61AA5}
		{FF30AE30-2065-48CB-A77F-AF1FE4A2766F} = {64C55AF2-A504-4977-9659-281BFA4E5DF8}
		{5A636704-1C70-4F64-AE8D-1A5969CC7572} = {4323309F-0243-452F-926C-CB3E6A725508}
		{4E54A194-CD4C-426A-9277-8F8818076B10} = {5A636704-1C70-4F64-AE8D-1A5969CC7572}
		{142A5E76-064D-4ADD-897E-4020CCB0DC94} = {4323309F-0243-452F-926C-CB3E6A725508}
		{939242EA-5179-4E23-9205-FF5F16FC8C33} = {142A5E76-064D-4ADD-897E-4020CCB0DC94}
		{91579DA6-AF0E-4280-ABFB-D776EADF9CAB} = {4323309F-0243-452F-926C-CB3E6A725508}
		{D925CC22-234D-4977-B414-B2E221B6F1A0} = {91579DA6-AF0E-4280-ABFB-D776EADF9CAB}
		{0F3F7DB0-D7CD-4AF6-82B9-94E251314439} = {4323309F-0243-452F-926C-CB3E6A725508}
		{FEDF5473-7A34-4B5F-967E-4DD0A7D43FD6} = {0F3F7DB0-D7CD-4AF6-82B9-94E251314439}
		{9F1C1979-00B3-43A5-931B-B9C6BB7C673D} = {4323309F-0243-452F-926C-CB3E6A725508}
		{8E974B06-303D-4191-B7A0-07FB19C162C3} = {9F1C1979-00B3-43A5-931B-B9C6BB7C673D}
		{87F40FF5-C63A-47C9-AB94-EE61471AEFFE} = {FF30AE30-2065-48CB-A77F-AF1FE4A2766F}
	EndGlobalSection
	GlobalSection(ExtensibilityGlobals) = postSolution
		SolutionGuid = {5606EEDC-FAFE-4576-8545-D4839B3F8912}
	EndGlobalSection
EndGlobal
